github.com/gethugothemes/hugo-modules/accordion v0.0.0-20231025030535-37017d01a181 h1:aNi2qtVV9XBwfXW1LYs5X8Wi3G+ExFjzyPtifDUzGL8=
github.com/gethugothemes/hugo-modules/accordion v0.0.0-20231025030535-37017d01a181/go.mod h1:D4DpauKPDcUHI9CVKYmJeO6bkSJIhUN864TyXZ2o0VI=
github.com/gethugothemes/hugo-modules/accordion v0.0.0-20231213094845-42e6b5af6245 h1:9tSrIkBGfPR8bTfFxa3NS55wcOCI7C41nvpNml0JbLs=
github.com/gethugothemes/hugo-modules/accordion v0.0.0-20231213094845-42e6b5af6245/go.mod h1:D4DpauKPDcUHI9CVKYmJeO6bkSJIhUN864TyXZ2o0VI=
github.com/gethugothemes/hugo-modules/icons/font-awesome v0.0.0-20231025030535-37017d01a181 h1:NWgA3603SQsIQXniXK13B3IOerrJOe3svsHeoahi6aA=
github.com/gethugothemes/hugo-modules/icons/font-awesome v0.0.0-20231025030535-37017d01a181/go.mod h1:d3gy1vQyfasPmGpau7HpQLrXbOv23PfXclSnjyOBxeU=
github.com/gethugothemes/hugo-modules/icons/font-awesome v0.0.0-20231213094845-42e6b5af6245 h1:sRYPlPiTsYoh3Xe5z242VIOTHgvXGhg5ZG8t6y1C4x0=
github.com/gethugothemes/hugo-modules/icons/font-awesome v0.0.0-20231213094845-42e6b5af6245/go.mod h1:d3gy1vQyfasPmGpau7HpQLrXbOv23PfXclSnjyOBxeU=
github.com/gethugothemes/hugo-modules/icons/font-awesome v0.0.0-20240331035203-6c6ca12add7d h1:7Nfqfl+/ZtIg/BpC+dY0kkzDiSH7Xc5iILpB+mL4hbg=
github.com/gethugothemes/hugo-modules/icons/font-awesome v0.0.0-20240331035203-6c6ca12add7d/go.mod h1:d3gy1vQyfasPmGpau7HpQLrXbOv23PfXclSnjyOBxeU=
github.com/gethugothemes/hugo-modules/icons/font-awesome v0.0.0-20240504032439-79fc09d96848 h1:UB1DXJuZFVYtYNhab7ENYEGfgRffKcvlx67KyjUNquQ=
github.com/gethugothemes/hugo-modules/icons/font-awesome v0.0.0-20240504032439-79fc09d96848/go.mod h1:d3gy1vQyfasPmGpau7HpQLrXbOv23PfXclSnjyOBxeU=
github.com/gethugothemes/hugo-modules/modal v0.0.0-20240109021739-061cfb8edb9d h1:Tdojyu+D1aRCDmLTNGLKd138c+liXNrVD3WQoTHWCQw=
github.com/gethugothemes/hugo-modules/modal v0.0.0-20240109021739-061cfb8edb9d/go.mod h1:Eb9v7oV6biymfvjcBhQdvgn0gUGYhUtfCMeOBLFpFsk=
github.com/gethugothemes/hugo-modules/seo-tools/counter-analytics v0.0.0-20231025030535-37017d01a181 h1:qwGEtP6+IUgPpTxM4l+BR0QY358Ks7ZqZ4lDdkuZ5ek=
github.com/gethugothemes/hugo-modules/seo-tools/counter-analytics v0.0.0-20231025030535-37017d01a181/go.mod h1:3kPooRg0PWUkciccThPQbBvIpTfSCo7W9mc3a5GxXHs=
github.com/gethugothemes/hugo-modules/seo-tools/counter-analytics v0.0.0-20231213094845-42e6b5af6245 h1:Oad9tEQwK8eZs5XIS6e5RWdRygF4aUQ8OA7SaUhxtpE=
github.com/gethugothemes/hugo-modules/seo-tools/counter-analytics v0.0.0-20231213094845-42e6b5af6245/go.mod h1:3kPooRg0PWUkciccThPQbBvIpTfSCo7W9mc3a5GxXHs=
github.com/gethugothemes/hugo-modules/seo-tools/matomo-analytics v0.0.0-20240109021739-061cfb8edb9d h1:9tDd+g6itLQqZF3pch8ZsEGNAg0aTpYAS/o0Cvp6X9M=
github.com/gethugothemes/hugo-modules/seo-tools/matomo-analytics v0.0.0-20240109021739-061cfb8edb9d/go.mod h1:P2GLltWjXFBJlatFKh4l6WOBszW7+f09myLkZoBBgEs=
github.com/gethugothemes/hugo-modules/shortcodes/cloak-contact v0.0.0-20231213094845-42e6b5af6245 h1:cvPIbOgL6vTf8DYshCnSwecJ4K+DMwDaIQk/9hDoYZw=
github.com/gethugothemes/hugo-modules/shortcodes/cloak-contact v0.0.0-20231213094845-42e6b5af6245/go.mod h1:S4h9NEeLmrVKGvdENdvEfaLdrvUn+PjL4ThiIfz2tyM=
github.com/gethugothemes/hugo-modules/shortcodes/notice v0.0.0-20231025030535-37017d01a181 h1:qfEbKX5IFuwfvbdTMXH9y5BldQIPOk6QcYNJxu+UmZE=
github.com/gethugothemes/hugo-modules/shortcodes/notice v0.0.0-20231025030535-37017d01a181/go.mod h1:ljWyMJx82WA+6SlKjbGFhEdxcriyvUTCjXkJHDa4lho=
github.com/gethugothemes/hugo-modules/shortcodes/notice v0.0.0-20231213094845-42e6b5af6245 h1:4neiYnOMzteuBpUwxAYJhvCB+DvIwUi/12z5IjVjG+U=
github.com/gethugothemes/hugo-modules/shortcodes/notice v0.0.0-20231213094845-42e6b5af6245/go.mod h1:ljWyMJx82WA+6SlKjbGFhEdxcriyvUTCjXkJHDa4lho=
github.com/gethugothemes/hugo-modules/shortcodes/notice v0.0.0-20240331035203-6c6ca12add7d h1:yPjZdSBpCyc4MNtJwbN1Op6bGQDWPYUHaHadtFBUVvo=
github.com/gethugothemes/hugo-modules/shortcodes/notice v0.0.0-20240331035203-6c6ca12add7d/go.mod h1:ljWyMJx82WA+6SlKjbGFhEdxcriyvUTCjXkJHDa4lho=
github.com/gethugothemes/hugo-modules/shortcodes/notice v0.0.0-20240504032439-79fc09d96848 h1:Za2UFBEqXjN0YUeD2HhsE9GaZLBKGvIJ8QHi7pvikys=
github.com/gethugothemes/hugo-modules/shortcodes/notice v0.0.0-20240504032439-79fc09d96848/go.mod h1:ljWyMJx82WA+6SlKjbGFhEdxcriyvUTCjXkJHDa4lho=
github.com/gethugothemes/hugo-modules/tab v0.0.0-20240109021739-061cfb8edb9d h1:TZPVvno4sbhQZFWPsilY8KuFvYS5fXBYucdpO4qOq/o=
github.com/gethugothemes/hugo-modules/tab v0.0.0-20240109021739-061cfb8edb9d/go.mod h1:h3UxlxrFoU19JldxWLPBKaTZFe3AJtABrqo1wfxr+Ng=
